
Microsoft Visual Studio Solution File, Format Version 12.00
# Visual Studio Version 17
VisualStudioVersion = 17.6.33801.468
MinimumVisualStudioVersion = 10.0.40219.1
Project("{FAE04EC0-301F-11D3-BF4B-00C04F79EFBC}") = "CinemaTicketingSystemAdmin_181550", "CinemaTicketingSystemAdmin_181550\CinemaTicketingSystemAdmin_181550.csproj", "{BA40846F-FEBF-4C56-AAA5-5BDF8795ED4D}"
EndProject
Global
	GlobalSection(SolutionConfigurationPlatforms) = preSolution
		Debug|Any CPU = Debug|Any CPU
		Release|Any CPU = Release|Any CPU
	EndGlobalSection
	GlobalSection(ProjectConfigurationPlatforms) = postSolution
		{BA40846F-FEBF-4C56-AAA5-5BDF8795ED4D}.Debug|Any CPU.ActiveCfg = Debug|Any CPU
		{BA40846F-FEBF-4C56-AAA5-5BDF8795ED4D}.Debug|Any CPU.Build.0 = Debug|Any CPU
		{BA40846F-FEBF-4C56-AAA5-5BDF8795ED4D}.Release|Any CPU.ActiveCfg = Release|Any CPU
		{BA40846F-FEBF-4C56-AAA5-5BDF8795ED4D}.Release|Any CPU.Build.0 = Release|Any CPU
	EndGlobalSection
	GlobalSection(SolutionProperties) = preSolution
		HideSolutionNode = FALSE
	EndGlobalSection
	GlobalSection(ExtensibilityGlobals) = postSolution
		SolutionGuid = {FA6199BB-5C1C-4A75-B3E0-A935DA1236B7}
	EndGlobalSection
EndGlobal
